
Microsoft Visual Studio Solution File, Format Version 12.00
# Visual Studio 15
VisualStudioVersion = 15.0.28010.2046
MinimumVisualStudioVersion = 10.0.40219.1
Project("{FAE04EC0-301F-11D3-BF4B-00C04F79EFBC}") = "Savanna", "Savanna\Savanna.csproj", "{C81416F6-2D08-4A73-BCD9-2672BB47A17C}"
EndProject
Project("{FAE04EC0-301F-11D3-BF4B-00C04F79EFBC}") = "Savanna.UnitTests", "SavannaUnitTests\Savanna.UnitTests.csproj", "{591C0067-AEDA-41CA-8F81-2F1F440276BB}"
EndProject
Project("{FAE04EC0-301F-11D3-BF4B-00C04F79EFBC}") = "Savanna.Fauna", "Savanna.Fauna\Savanna.Fauna.csproj", "{CD2C890D-024E-4A98-8D34-363F7931D3C5}"
EndProject
Project("{FAE04EC0-301F-11D3-BF4B-00C04F79EFBC}") = "Savanna.Flora", "Savann.Flora\Savanna.Flora.csproj", "{80A959F1-29F0-4D08-82C9-923BEF8AF974}"
EndProject
Project("{FAE04EC0-301F-11D3-BF4B-00C04F79EFBC}") = "Savanna.Constants", "Savanna.Constants\Savanna.Constants.csproj", "{831FFDAE-72B5-48DD-8085-E761BE4A4D4E}"
EndProject
Global
	GlobalSection(SolutionConfigurationPlatforms) = preSolution
		Debug|Any CPU = Debug|Any CPU
		Release|Any CPU = Release|Any CPU
	EndGlobalSection
	GlobalSection(ProjectConfigurationPlatforms) = postSolution
		{C81416F6-2D08-4A73-BCD9-2672BB47A17C}.Debug|Any CPU.ActiveCfg = Debug|Any CPU
		{C81416F6-2D08-4A73-BCD9-2672BB47A17C}.Debug|Any CPU.Build.0 = Debug|Any CPU
		{C81416F6-2D08-4A73-BCD9-2672BB47A17C}.Release|Any CPU.ActiveCfg = Release|Any CPU
		{C81416F6-2D08-4A73-BCD9-2672BB47A17C}.Release|Any CPU.Build.0 = Release|Any CPU
		{591C0067-AEDA-41CA-8F81-2F1F440276BB}.Debug|Any CPU.ActiveCfg = Debug|Any CPU
		{591C0067-AEDA-41CA-8F81-2F1F440276BB}.Debug|Any CPU.Build.0 = Debug|Any CPU
		{591C0067-AEDA-41CA-8F81-2F1F440276BB}.Release|Any CPU.ActiveCfg = Release|Any CPU
		{591C0067-AEDA-41CA-8F81-2F1F440276BB}.Release|Any CPU.Build.0 = Release|Any CPU
		{CD2C890D-024E-4A98-8D34-363F7931D3C5}.Debug|Any CPU.ActiveCfg = Debug|Any CPU
		{CD2C890D-024E-4A98-8D34-363F7931D3C5}.Debug|Any CPU.Build.0 = Debug|Any CPU
		{CD2C890D-024E-4A98-8D34-363F7931D3C5}.Release|Any CPU.ActiveCfg = Release|Any CPU
		{CD2C890D-024E-4A98-8D34-363F7931D3C5}.Release|Any CPU.Build.0 = Release|Any CPU
		{80A959F1-29F0-4D08-82C9-923BEF8AF974}.Debug|Any CPU.ActiveCfg = Debug|Any CPU
		{80A959F1-29F0-4D08-82C9-923BEF8AF974}.Debug|Any CPU.Build.0 = Debug|Any CPU
		{80A959F1-29F0-4D08-82C9-923BEF8AF974}.Release|Any CPU.ActiveCfg = Release|Any CPU
		{80A959F1-29F0-4D08-82C9-923BEF8AF974}.Release|Any CPU.Build.0 = Release|Any CPU
		{831FFDAE-72B5-48DD-8085-E761BE4A4D4E}.Debug|Any CPU.ActiveCfg = Debug|Any CPU
		{831FFDAE-72B5-48DD-8085-E761BE4A4D4E}.Debug|Any CPU.Build.0 = Debug|Any CPU
		{831FFDAE-72B5-48DD-8085-E761BE4A4D4E}.Release|Any CPU.ActiveCfg = Release|Any CPU
		{831FFDAE-72B5-48DD-8085-E761BE4A4D4E}.Release|Any CPU.Build.0 = Release|Any CPU
	EndGlobalSection
	GlobalSection(SolutionProperties) = preSolution
		HideSolutionNode = FALSE
	EndGlobalSection
	GlobalSection(ExtensibilityGlobals) = postSolution
		SolutionGuid = {5A4C670D-8968-4E0A-A66E-224C3B2CCED8}
	EndGlobalSection
EndGlobal
