
Microsoft Visual Studio Solution File, Format Version 12.00
# Visual Studio 15
VisualStudioVersion = 15.0.28010.2046
MinimumVisualStudioVersion = 10.0.40219.1
Project("{FAE04EC0-301F-11D3-BF4B-00C04F79EFBC}") = "Savanna", "Savanna\Savanna.csproj", "{C81416F6-2D08-4A73-BCD9-2672BB47A17C}"
EndProject
Project("{FAE04EC0-301F-11D3-BF4B-00C04F79EFBC}") = "Savanna.Entities", "Savanna.Fauna\Savanna.Entities.csproj", "{CD2C890D-024E-4A98-8D34-363F7931D3C5}"
EndProject
Project("{FAE04EC0-301F-11D3-BF4B-00C04F79EFBC}") = "Savanna.Constants", "Savanna.Constants\Savanna.Constants.csproj", "{831FFDAE-72B5-48DD-8085-E761BE4A4D4E}"
EndProject
Project("{FAE04EC0-301F-11D3-BF4B-00C04F79EFBC}") = "Savanna.Rendering", "Savanna.Rendering\Savanna.Rendering.csproj", "{1A1E9CFE-AEAF-44EE-A07D-18A6EFDF7399}"
EndProject
Project("{FAE04EC0-301F-11D3-BF4B-00C04F79EFBC}") = "Savanna.UnitTests", "Savanna.UnitTests\Savanna.UnitTests.csproj", "{B9E6D558-52B0-4F66-8EC4-4D3822B56DBE}"
EndProject
Project("{FAE04EC0-301F-11D3-BF4B-00C04F79EFBC}") = "Elephant", "Elephant\Elephant.csproj", "{290BD499-477D-4161-AE43-5170E71B5FE1}"
EndProject
Project("{FAE04EC0-301F-11D3-BF4B-00C04F79EFBC}") = "Lion", "Lion\Lion.csproj", "{223E5598-7100-4906-AFF9-C88D0FC5017D}"
EndProject
Project("{FAE04EC0-301F-11D3-BF4B-00C04F79EFBC}") = "Antelope", "Antelope\Antelope.csproj", "{DCCE8389-45DF-4792-951B-928B859EFE2A}"
EndProject
Global
	GlobalSection(SolutionConfigurationPlatforms) = preSolution
		Debug|Any CPU = Debug|Any CPU
		Release|Any CPU = Release|Any CPU
	EndGlobalSection
	GlobalSection(ProjectConfigurationPlatforms) = postSolution
		{C81416F6-2D08-4A73-BCD9-2672BB47A17C}.Debug|Any CPU.ActiveCfg = Debug|Any CPU
		{C81416F6-2D08-4A73-BCD9-2672BB47A17C}.Debug|Any CPU.Build.0 = Debug|Any CPU
		{C81416F6-2D08-4A73-BCD9-2672BB47A17C}.Release|Any CPU.ActiveCfg = Release|Any CPU
		{C81416F6-2D08-4A73-BCD9-2672BB47A17C}.Release|Any CPU.Build.0 = Release|Any CPU
		{CD2C890D-024E-4A98-8D34-363F7931D3C5}.Debug|Any CPU.ActiveCfg = Debug|Any CPU
		{CD2C890D-024E-4A98-8D34-363F7931D3C5}.Debug|Any CPU.Build.0 = Debug|Any CPU
		{CD2C890D-024E-4A98-8D34-363F7931D3C5}.Release|Any CPU.ActiveCfg = Release|Any CPU
		{CD2C890D-024E-4A98-8D34-363F7931D3C5}.Release|Any CPU.Build.0 = Release|Any CPU
		{831FFDAE-72B5-48DD-8085-E761BE4A4D4E}.Debug|Any CPU.ActiveCfg = Debug|Any CPU
		{831FFDAE-72B5-48DD-8085-E761BE4A4D4E}.Debug|Any CPU.Build.0 = Debug|Any CPU
		{831FFDAE-72B5-48DD-8085-E761BE4A4D4E}.Release|Any CPU.ActiveCfg = Release|Any CPU
		{831FFDAE-72B5-48DD-8085-E761BE4A4D4E}.Release|Any CPU.Build.0 = Release|Any CPU
		{1A1E9CFE-AEAF-44EE-A07D-18A6EFDF7399}.Debug|Any CPU.ActiveCfg = Debug|Any CPU
		{1A1E9CFE-AEAF-44EE-A07D-18A6EFDF7399}.Debug|Any CPU.Build.0 = Debug|Any CPU
		{1A1E9CFE-AEAF-44EE-A07D-18A6EFDF7399}.Release|Any CPU.ActiveCfg = Release|Any CPU
		{1A1E9CFE-AEAF-44EE-A07D-18A6EFDF7399}.Release|Any CPU.Build.0 = Release|Any CPU
		{B9E6D558-52B0-4F66-8EC4-4D3822B56DBE}.Debug|Any CPU.ActiveCfg = Debug|Any CPU
		{B9E6D558-52B0-4F66-8EC4-4D3822B56DBE}.Debug|Any CPU.Build.0 = Debug|Any CPU
		{B9E6D558-52B0-4F66-8EC4-4D3822B56DBE}.Release|Any CPU.ActiveCfg = Release|Any CPU
		{B9E6D558-52B0-4F66-8EC4-4D3822B56DBE}.Release|Any CPU.Build.0 = Release|Any CPU
		{290BD499-477D-4161-AE43-5170E71B5FE1}.Debug|Any CPU.ActiveCfg = Debug|Any CPU
		{290BD499-477D-4161-AE43-5170E71B5FE1}.Debug|Any CPU.Build.0 = Debug|Any CPU
		{290BD499-477D-4161-AE43-5170E71B5FE1}.Release|Any CPU.ActiveCfg = Release|Any CPU
		{290BD499-477D-4161-AE43-5170E71B5FE1}.Release|Any CPU.Build.0 = Release|Any CPU
		{223E5598-7100-4906-AFF9-C88D0FC5017D}.Debug|Any CPU.ActiveCfg = Debug|Any CPU
		{223E5598-7100-4906-AFF9-C88D0FC5017D}.Debug|Any CPU.Build.0 = Debug|Any CPU
		{223E5598-7100-4906-AFF9-C88D0FC5017D}.Release|Any CPU.ActiveCfg = Release|Any CPU
		{223E5598-7100-4906-AFF9-C88D0FC5017D}.Release|Any CPU.Build.0 = Release|Any CPU
		{DCCE8389-45DF-4792-951B-928B859EFE2A}.Debug|Any CPU.ActiveCfg = Debug|Any CPU
		{DCCE8389-45DF-4792-951B-928B859EFE2A}.Debug|Any CPU.Build.0 = Debug|Any CPU
		{DCCE8389-45DF-4792-951B-928B859EFE2A}.Release|Any CPU.ActiveCfg = Release|Any CPU
		{DCCE8389-45DF-4792-951B-928B859EFE2A}.Release|Any CPU.Build.0 = Release|Any CPU
	EndGlobalSection
	GlobalSection(SolutionProperties) = preSolution
		HideSolutionNode = FALSE
	EndGlobalSection
	GlobalSection(ExtensibilityGlobals) = postSolution
		SolutionGuid = {5A4C670D-8968-4E0A-A66E-224C3B2CCED8}
	EndGlobalSection
EndGlobal
